// !$*UTF8*$!
{
	archiveVersion = 1;
	classes = {
	};
	objectVersion = 50;
	objects = {

/* Begin PBXBuildFile section */
		3F329D78233A36BF00BEF9AC /* AppDelegate.swift in Sources */ = {isa = PBXBuildFile; fileRef = 3F329D77233A36BF00BEF9AC /* AppDelegate.swift */; };
		3F329D7C233A36BF00BEF9AC /* HoomanListViewController.swift in Sources */ = {isa = PBXBuildFile; fileRef = 3F329D7B233A36BF00BEF9AC /* HoomanListViewController.swift */; };
		3F329D7F233A36BF00BEF9AC /* Main.storyboard in Resources */ = {isa = PBXBuildFile; fileRef = 3F329D7D233A36BF00BEF9AC /* Main.storyboard */; };
		3F329D82233A36BF00BEF9AC /* TempCoreStore.xcdatamodeld in Sources */ = {isa = PBXBuildFile; fileRef = 3F329D80233A36BF00BEF9AC /* TempCoreStore.xcdatamodeld */; };
		3F329D84233A36C000BEF9AC /* Assets.xcassets in Resources */ = {isa = PBXBuildFile; fileRef = 3F329D83233A36C000BEF9AC /* Assets.xcassets */; };
		3F329D87233A36C000BEF9AC /* LaunchScreen.storyboard in Resources */ = {isa = PBXBuildFile; fileRef = 3F329D85233A36C000BEF9AC /* LaunchScreen.storyboard */; };
		3F329D92233A38B900BEF9AC /* Hooman+CoreDataClass.swift in Sources */ = {isa = PBXBuildFile; fileRef = 3F329D90233A38B900BEF9AC /* Hooman+CoreDataClass.swift */; };
		3F329D93233A38B900BEF9AC /* Hooman+CoreDataProperties.swift in Sources */ = {isa = PBXBuildFile; fileRef = 3F329D91233A38B900BEF9AC /* Hooman+CoreDataProperties.swift */; };
		3F329D95233A395F00BEF9AC /* HoomanModelController.swift in Sources */ = {isa = PBXBuildFile; fileRef = 3F329D94233A395F00BEF9AC /* HoomanModelController.swift */; };
		3F329D97233A398100BEF9AC /* CoreDataManager.swift in Sources */ = {isa = PBXBuildFile; fileRef = 3F329D96233A398100BEF9AC /* CoreDataManager.swift */; };
		3F329D99233A3A9C00BEF9AC /* HoomanDetailViewController.swift in Sources */ = {isa = PBXBuildFile; fileRef = 3F329D98233A3A9C00BEF9AC /* HoomanDetailViewController.swift */; };
		3FF211B5233A56AF000BF563 /* HoomanController.swift in Sources */ = {isa = PBXBuildFile; fileRef = 3FF211B4233A56AF000BF563 /* HoomanController.swift */; };
		3FF211B7233A597B000BF563 /* UIViewController+Utility.swift in Sources */ = {isa = PBXBuildFile; fileRef = 3FF211B6233A597B000BF563 /* UIViewController+Utility.swift */; };
/* End PBXBuildFile section */

/* Begin PBXFileReference section */
		3F329D74233A36BF00BEF9AC /* TempCoreStore.app */ = {isa = PBXFileReference; explicitFileType = wrapper.application; includeInIndex = 0; path = TempCoreStore.app; sourceTree = BUILT_PRODUCTS_DIR; };
		3F329D77233A36BF00BEF9AC /* AppDelegate.swift */ = {isa = PBXFileReference; lastKnownFileType = sourcecode.swift; path = AppDelegate.swift; sourceTree = "<group>"; };
		3F329D7B233A36BF00BEF9AC /* HoomanListViewController.swift */ = {isa = PBXFileReference; lastKnownFileType = sourcecode.swift; path = HoomanListViewController.swift; sourceTree = "<group>"; };
		3F329D7E233A36BF00BEF9AC /* Base */ = {isa = PBXFileReference; lastKnownFileType = file.storyboard; name = Base; path = Base.lproj/Main.storyboard; sourceTree = "<group>"; };
		3F329D81233A36BF00BEF9AC /* TempCoreStore.xcdatamodel */ = {isa = PBXFileReference; lastKnownFileType = wrapper.xcdatamodel; path = TempCoreStore.xcdatamodel; sourceTree = "<group>"; };
		3F329D83233A36C000BEF9AC /* Assets.xcassets */ = {isa = PBXFileReference; lastKnownFileType = folder.assetcatalog; path = Assets.xcassets; sourceTree = "<group>"; };
		3F329D86233A36C000BEF9AC /* Base */ = {isa = PBXFileReference; lastKnownFileType = file.storyboard; name = Base; path = Base.lproj/LaunchScreen.storyboard; sourceTree = "<group>"; };
		3F329D88233A36C000BEF9AC /* Info.plist */ = {isa = PBXFileReference; lastKnownFileType = text.plist.xml; path = Info.plist; sourceTree = "<group>"; };
		3F329D8E233A36CC00BEF9AC /* README.md */ = {isa = PBXFileReference; lastKnownFileType = net.daringfireball.markdown; path = README.md; sourceTree = "<group>"; };
		3F329D90233A38B900BEF9AC /* Hooman+CoreDataClass.swift */ = {isa = PBXFileReference; lastKnownFileType = sourcecode.swift; path = "Hooman+CoreDataClass.swift"; sourceTree = "<group>"; };
		3F329D91233A38B900BEF9AC /* Hooman+CoreDataProperties.swift */ = {isa = PBXFileReference; lastKnownFileType = sourcecode.swift; path = "Hooman+CoreDataProperties.swift"; sourceTree = "<group>"; };
		3F329D94233A395F00BEF9AC /* HoomanModelController.swift */ = {isa = PBXFileReference; lastKnownFileType = sourcecode.swift; path = HoomanModelController.swift; sourceTree = "<group>"; };
		3F329D96233A398100BEF9AC /* CoreDataManager.swift */ = {isa = PBXFileReference; lastKnownFileType = sourcecode.swift; path = CoreDataManager.swift; sourceTree = "<group>"; };
		3F329D98233A3A9C00BEF9AC /* HoomanDetailViewController.swift */ = {isa = PBXFileReference; lastKnownFileType = sourcecode.swift; path = HoomanDetailViewController.swift; sourceTree = "<group>"; };
		3FF211B4233A56AF000BF563 /* HoomanController.swift */ = {isa = PBXFileReference; lastKnownFileType = sourcecode.swift; path = HoomanController.swift; sourceTree = "<group>"; };
		3FF211B6233A597B000BF563 /* UIViewController+Utility.swift */ = {isa = PBXFileReference; lastKnownFileType = sourcecode.swift; path = "UIViewController+Utility.swift"; sourceTree = "<group>"; };
/* End PBXFileReference section */

/* Begin PBXFrameworksBuildPhase section */
		3F329D71233A36BF00BEF9AC /* Frameworks */ = {
			isa = PBXFrameworksBuildPhase;
			buildActionMask = 2147483647;
			files = (
			);
			runOnlyForDeploymentPostprocessing = 0;
		};
/* End PBXFrameworksBuildPhase section */

/* Begin PBXGroup section */
		3F329D6B233A36BF00BEF9AC = {
			isa = PBXGroup;
			children = (
				3F329D8E233A36CC00BEF9AC /* README.md */,
				3F329D76233A36BF00BEF9AC /* TempCoreStore */,
				3F329D75233A36BF00BEF9AC /* Products */,
			);
			sourceTree = "<group>";
		};
		3F329D75233A36BF00BEF9AC /* Products */ = {
			isa = PBXGroup;
			children = (
				3F329D74233A36BF00BEF9AC /* TempCoreStore.app */,
			);
			name = Products;
			sourceTree = "<group>";
		};
		3F329D76233A36BF00BEF9AC /* TempCoreStore */ = {
			isa = PBXGroup;
			children = (
				3F329D9A233A3AA400BEF9AC /* Model */,
				3F329D9B233A3AB700BEF9AC /* View */,
				3F329D7D233A36BF00BEF9AC /* Main.storyboard */,
				3F329D77233A36BF00BEF9AC /* AppDelegate.swift */,
				3F329D83233A36C000BEF9AC /* Assets.xcassets */,
				3F329D85233A36C000BEF9AC /* LaunchScreen.storyboard */,
				3F329D88233A36C000BEF9AC /* Info.plist */,
			);
			path = TempCoreStore;
			sourceTree = "<group>";
		};
		3F329D8F233A383300BEF9AC /* CoreDataItems */ = {
			isa = PBXGroup;
			children = (
				3F329D90233A38B900BEF9AC /* Hooman+CoreDataClass.swift */,
				3F329D91233A38B900BEF9AC /* Hooman+CoreDataProperties.swift */,
				3F329D80233A36BF00BEF9AC /* TempCoreStore.xcdatamodeld */,
			);
			path = CoreDataItems;
			sourceTree = "<group>";
		};
		3F329D9A233A3AA400BEF9AC /* Model */ = {
			isa = PBXGroup;
			children = (
				3F329D8F233A383300BEF9AC /* CoreDataItems */,
				3F329D96233A398100BEF9AC /* CoreDataManager.swift */,
				3FF211B4233A56AF000BF563 /* HoomanController.swift */,
				3F329D94233A395F00BEF9AC /* HoomanModelController.swift */,
			);
			path = Model;
			sourceTree = "<group>";
		};
		3F329D9B233A3AB700BEF9AC /* View */ = {
			isa = PBXGroup;
			children = (
				3FF211B6233A597B000BF563 /* UIViewController+Utility.swift */,
				3F329D7B233A36BF00BEF9AC /* HoomanListViewController.swift */,
				3F329D98233A3A9C00BEF9AC /* HoomanDetailViewController.swift */,
			);
			path = View;
			sourceTree = "<group>";
		};
/* End PBXGroup section */

/* Begin PBXNativeTarget section */
		3F329D73233A36BF00BEF9AC /* TempCoreStore */ = {
			isa = PBXNativeTarget;
			buildConfigurationList = 3F329D8B233A36C000BEF9AC /* Build configuration list for PBXNativeTarget "TempCoreStore" */;
			buildPhases = (
				3F329D70233A36BF00BEF9AC /* Sources */,
				3F329D71233A36BF00BEF9AC /* Frameworks */,
				3F329D72233A36BF00BEF9AC /* Resources */,
			);
			buildRules = (
			);
			dependencies = (
			);
			name = TempCoreStore;
			productName = TempCoreStore;
			productReference = 3F329D74233A36BF00BEF9AC /* TempCoreStore.app */;
			productType = "com.apple.product-type.application";
		};
/* End PBXNativeTarget section */

/* Begin PBXProject section */
		3F329D6C233A36BF00BEF9AC /* Project object */ = {
			isa = PBXProject;
			attributes = {
				LastSwiftUpdateCheck = 1100;
				LastUpgradeCheck = 1100;
				ORGANIZATIONNAME = "K Y";
				TargetAttributes = {
					3F329D73233A36BF00BEF9AC = {
						CreatedOnToolsVersion = 11.0;
					};
				};
			};
			buildConfigurationList = 3F329D6F233A36BF00BEF9AC /* Build configuration list for PBXProject "TempCoreStore" */;
			compatibilityVersion = "Xcode 9.3";
			developmentRegion = en;
			hasScannedForEncodings = 0;
			knownRegions = (
				en,
				Base,
			);
			mainGroup = 3F329D6B233A36BF00BEF9AC;
			productRefGroup = 3F329D75233A36BF00BEF9AC /* Products */;
			projectDirPath = "";
			projectRoot = "";
			targets = (
				3F329D73233A36BF00BEF9AC /* TempCoreStore */,
			);
		};
/* End PBXProject section */

/* Begin PBXResourcesBuildPhase section */
		3F329D72233A36BF00BEF9AC /* Resources */ = {
			isa = PBXResourcesBuildPhase;
			buildActionMask = 2147483647;
			files = (
				3F329D87233A36C000BEF9AC /* LaunchScreen.storyboard in Resources */,
				3F329D84233A36C000BEF9AC /* Assets.xcassets in Resources */,
				3F329D7F233A36BF00BEF9AC /* Main.storyboard in Resources */,
			);
			runOnlyForDeploymentPostprocessing = 0;
		};
/* End PBXResourcesBuildPhase section */

/* Begin PBXSourcesBuildPhase section */
		3F329D70233A36BF00BEF9AC /* Sources */ = {
			isa = PBXSourcesBuildPhase;
			buildActionMask = 2147483647;
			files = (
				3F329D7C233A36BF00BEF9AC /* HoomanListViewController.swift in Sources */,
				3FF211B5233A56AF000BF563 /* HoomanController.swift in Sources */,
				3F329D78233A36BF00BEF9AC /* AppDelegate.swift in Sources */,
				3F329D82233A36BF00BEF9AC /* TempCoreStore.xcdatamodeld in Sources */,
				3F329D93233A38B900BEF9AC /* Hooman+CoreDataProperties.swift in Sources */,
				3F329D92233A38B900BEF9AC /* Hooman+CoreDataClass.swift in Sources */,
				3F329D97233A398100BEF9AC /* CoreDataManager.swift in Sources */,
				3F329D99233A3A9C00BEF9AC /* HoomanDetailViewController.swift in Sources */,
				3F329D95233A395F00BEF9AC /* HoomanModelController.swift in Sources */,
				3FF211B7233A597B000BF563 /* UIViewController+Utility.swift in Sources */,
			);
			runOnlyForDeploymentPostprocessing = 0;
		};
/* End PBXSourcesBuildPhase section */

/* Begin PBXVariantGroup section */
		3F329D7D233A36BF00BEF9AC /* Main.storyboard */ = {
			isa = PBXVariantGroup;
			children = (
				3F329D7E233A36BF00BEF9AC /* Base */,
			);
			name = Main.storyboard;
			sourceTree = "<group>";
		};
		3F329D85233A36C000BEF9AC /* LaunchScreen.storyboard */ = {
			isa = PBXVariantGroup;
			children = (
				3F329D86233A36C000BEF9AC /* Base */,
			);
			name = LaunchScreen.storyboard;
			sourceTree = "<group>";
		};
/* End PBXVariantGroup section */

/* Begin XCBuildConfiguration section */
		3F329D89233A36C000BEF9AC /* Debug */ = {
			isa = XCBuildConfiguration;
			buildSettings = {
				ALWAYS_SEARCH_USER_PATHS = NO;
				CLANG_ANALYZER_NONNULL = YES;
				CLANG_ANALYZER_NUMBER_OBJECT_CONVERSION = YES_AGGRESSIVE;
				CLANG_CXX_LANGUAGE_STANDARD = "gnu++14";
				CLANG_CXX_LIBRARY = "libc++";
				CLANG_ENABLE_MODULES = YES;
				CLANG_ENABLE_OBJC_ARC = YES;
				CLANG_ENABLE_OBJC_WEAK = YES;
				CLANG_WARN_BLOCK_CAPTURE_AUTORELEASING = YES;
				CLANG_WARN_BOOL_CONVERSION = YES;
				CLANG_WARN_COMMA = YES;
				CLANG_WARN_CONSTANT_CONVERSION = YES;
				CLANG_WARN_DEPRECATED_OBJC_IMPLEMENTATIONS = YES;
				CLANG_WARN_DIRECT_OBJC_ISA_USAGE = YES_ERROR;
				CLANG_WARN_DOCUMENTATION_COMMENTS = YES;
				CLANG_WARN_EMPTY_BODY = YES;
				CLANG_WARN_ENUM_CONVERSION = YES;
				CLANG_WARN_INFINITE_RECURSION = YES;
				CLANG_WARN_INT_CONVERSION = YES;
				CLANG_WARN_NON_LITERAL_NULL_CONVERSION = YES;
				CLANG_WARN_OBJC_IMPLICIT_RETAIN_SELF = YES;
				CLANG_WARN_OBJC_LITERAL_CONVERSION = YES;
				CLANG_WARN_OBJC_ROOT_CLASS = YES_ERROR;
				CLANG_WARN_RANGE_LOOP_ANALYSIS = YES;
				CLANG_WARN_STRICT_PROTOTYPES = YES;
				CLANG_WARN_SUSPICIOUS_MOVE = YES;
				CLANG_WARN_UNGUARDED_AVAILABILITY = YES_AGGRESSIVE;
				CLANG_WARN_UNREACHABLE_CODE = YES;
				CLANG_WARN__DUPLICATE_METHOD_MATCH = YES;
				COPY_PHASE_STRIP = NO;
				DEBUG_INFORMATION_FORMAT = dwarf;
				ENABLE_STRICT_OBJC_MSGSEND = YES;
				ENABLE_TESTABILITY = YES;
				GCC_C_LANGUAGE_STANDARD = gnu11;
				GCC_DYNAMIC_NO_PIC = NO;
				GCC_NO_COMMON_BLOCKS = YES;
				GCC_OPTIMIZATION_LEVEL = 0;
				GCC_PREPROCESSOR_DEFINITIONS = (
					"DEBUG=1",
					"$(inherited)",
				);
				GCC_WARN_64_TO_32_BIT_CONVERSION = YES;
				GCC_WARN_ABOUT_RETURN_TYPE = YES_ERROR;
				GCC_WARN_UNDECLARED_SELECTOR = YES;
				GCC_WARN_UNINITIALIZED_AUTOS = YES_AGGRESSIVE;
				GCC_WARN_UNUSED_FUNCTION = YES;
				GCC_WARN_UNUSED_VARIABLE = YES;
				IPHONEOS_DEPLOYMENT_TARGET = 13.0;
				MTL_ENABLE_DEBUG_INFO = INCLUDE_SOURCE;
				MTL_FAST_MATH = YES;
				ONLY_ACTIVE_ARCH = YES;
				SDKROOT = iphoneos;
				SWIFT_ACTIVE_COMPILATION_CONDITIONS = DEBUG;
				SWIFT_OPTIMIZATION_LEVEL = "-Onone";
			};
			name = Debug;
		};
		3F329D8A233A36C000BEF9AC /* Release */ = {
			isa = XCBuildConfiguration;
			buildSettings = {
				ALWAYS_SEARCH_USER_PATHS = NO;
				CLANG_ANALYZER_NONNULL = YES;
				CLANG_ANALYZER_NUMBER_OBJECT_CONVERSION = YES_AGGRESSIVE;
				CLANG_CXX_LANGUAGE_STANDARD = "gnu++14";
				CLANG_CXX_LIBRARY = "libc++";
				CLANG_ENABLE_MODULES = YES;
				CLANG_ENABLE_OBJC_ARC = YES;
				CLANG_ENABLE_OBJC_WEAK = YES;
				CLANG_WARN_BLOCK_CAPTURE_AUTORELEASING = YES;
				CLANG_WARN_BOOL_CONVERSION = YES;
				CLANG_WARN_COMMA = YES;
				CLANG_WARN_CONSTANT_CONVERSION = YES;
				CLANG_WARN_DEPRECATED_OBJC_IMPLEMENTATIONS = YES;
				CLANG_WARN_DIRECT_OBJC_ISA_USAGE = YES_ERROR;
				CLANG_WARN_DOCUMENTATION_COMMENTS = YES;
				CLANG_WARN_EMPTY_BODY = YES;
				CLANG_WARN_ENUM_CONVERSION = YES;
				CLANG_WARN_INFINITE_RECURSION = YES;
				CLANG_WARN_INT_CONVERSION = YES;
				CLANG_WARN_NON_LITERAL_NULL_CONVERSION = YES;
				CLANG_WARN_OBJC_IMPLICIT_RETAIN_SELF = YES;
				CLANG_WARN_OBJC_LITERAL_CONVERSION = YES;
				CLANG_WARN_OBJC_ROOT_CLASS = YES_ERROR;
				CLANG_WARN_RANGE_LOOP_ANALYSIS = YES;
				CLANG_WARN_STRICT_PROTOTYPES = YES;
				CLANG_WARN_SUSPICIOUS_MOVE = YES;
				CLANG_WARN_UNGUARDED_AVAILABILITY = YES_AGGRESSIVE;
				CLANG_WARN_UNREACHABLE_CODE = YES;
				CLANG_WARN__DUPLICATE_METHOD_MATCH = YES;
				COPY_PHASE_STRIP = NO;
				DEBUG_INFORMATION_FORMAT = "dwarf-with-dsym";
				ENABLE_NS_ASSERTIONS = NO;
				ENABLE_STRICT_OBJC_MSGSEND = YES;
				GCC_C_LANGUAGE_STANDARD = gnu11;
				GCC_NO_COMMON_BLOCKS = YES;
				GCC_WARN_64_TO_32_BIT_CONVERSION = YES;
				GCC_WARN_ABOUT_RETURN_TYPE = YES_ERROR;
				GCC_WARN_UNDECLARED_SELECTOR = YES;
				GCC_WARN_UNINITIALIZED_AUTOS = YES_AGGRESSIVE;
				GCC_WARN_UNUSED_FUNCTION = YES;
				GCC_WARN_UNUSED_VARIABLE = YES;
				IPHONEOS_DEPLOYMENT_TARGET = 13.0;
				MTL_ENABLE_DEBUG_INFO = NO;
				MTL_FAST_MATH = YES;
				SDKROOT = iphoneos;
				SWIFT_COMPILATION_MODE = wholemodule;
				SWIFT_OPTIMIZATION_LEVEL = "-O";
				VALIDATE_PRODUCT = YES;
			};
			name = Release;
		};
		3F329D8C233A36C000BEF9AC /* Debug */ = {
			isa = XCBuildConfiguration;
			buildSettings = {
				ASSETCATALOG_COMPILER_APPICON_NAME = AppIcon;
				CODE_SIGN_STYLE = Automatic;
				INFOPLIST_FILE = TempCoreStore/Info.plist;
				IPHONEOS_DEPLOYMENT_TARGET = 10.0;
				LD_RUNPATH_SEARCH_PATHS = (
					"$(inherited)",
					"@executable_path/Frameworks",
				);
				PRODUCT_BUNDLE_IDENTIFIER = ky.TempCoreStore;
				PRODUCT_NAME = "$(TARGET_NAME)";
				SWIFT_VERSION = 5.0;
				TARGETED_DEVICE_FAMILY = "1,2";
			};
			name = Debug;
		};
		3F329D8D233A36C000BEF9AC /* Release */ = {
			isa = XCBuildConfiguration;
			buildSettings = {
				ASSETCATALOG_COMPILER_APPICON_NAME = AppIcon;
				CODE_SIGN_STYLE = Automatic;
				INFOPLIST_FILE = TempCoreStore/Info.plist;
				IPHONEOS_DEPLOYMENT_TARGET = 10.0;
				LD_RUNPATH_SEARCH_PATHS = (
					"$(inherited)",
					"@executable_path/Frameworks",
				);
				PRODUCT_BUNDLE_IDENTIFIER = ky.TempCoreStore;
				PRODUCT_NAME = "$(TARGET_NAME)";
				SWIFT_VERSION = 5.0;
				TARGETED_DEVICE_FAMILY = "1,2";
			};
			name = Release;
		};
/* End XCBuildConfiguration section */

/* Begin XCConfigurationList section */
		3F329D6F233A36BF00BEF9AC /* Build configuration list for PBXProject "TempCoreStore" */ = {
			isa = XCConfigurationList;
			buildConfigurations = (
				3F329D89233A36C000BEF9AC /* Debug */,
				3F329D8A233A36C000BEF9AC /* Release */,
			);
			defaultConfigurationIsVisible = 0;
			defaultConfigurationName = Release;
		};
		3F329D8B233A36C000BEF9AC /* Build configuration list for PBXNativeTarget "TempCoreStore" */ = {
			isa = XCConfigurationList;
			buildConfigurations = (
				3F329D8C233A36C000BEF9AC /* Debug */,
				3F329D8D233A36C000BEF9AC /* Release */,
			);
			defaultConfigurationIsVisible = 0;
			defaultConfigurationName = Release;
		};
/* End XCConfigurationList section */

/* Begin XCVersionGroup section */
		3F329D80233A36BF00BEF9AC /* TempCoreStore.xcdatamodeld */ = {
			isa = XCVersionGroup;
			children = (
				3F329D81233A36BF00BEF9AC /* TempCoreStore.xcdatamodel */,
			);
			currentVersion = 3F329D81233A36BF00BEF9AC /* TempCoreStore.xcdatamodel */;
			path = TempCoreStore.xcdatamodeld;
			sourceTree = "<group>";
			versionGroupType = wrapper.xcdatamodel;
		};
/* End XCVersionGroup section */
	};
	rootObject = 3F329D6C233A36BF00BEF9AC /* Project object */;
}
